
Microsoft Visual Studio Solution File, Format Version 12.00
# Visual Studio 15
VisualStudioVersion = 15.0.28010.2019
MinimumVisualStudioVersion = 10.0.40219.1
Project("{8BC9CEB8-8B4A-11D0-8D11-00A0C91BC942}") = "ddraw", "ddraw\ddraw.vcxproj", "{0FE56321-8E98-411A-85C7-A45B10213473}"
EndProject
Global
	GlobalSection(SolutionConfigurationPlatforms) = preSolution
		Debug|x64 = Debug|x64
		Debug|x86 = Debug|x86
		Release|x64 = Release|x64
		Release|x86 = Release|x86
	EndGlobalSection
	GlobalSection(ProjectConfigurationPlatforms) = postSolution
		{0FE56321-8E98-411A-85C7-A45B10213473}.Debug|x64.ActiveCfg = Debug|x64
		{0FE56321-8E98-411A-85C7-A45B10213473}.Debug|x64.Build.0 = Debug|x64
		{0FE56321-8E98-411A-85C7-A45B10213473}.Debug|x86.ActiveCfg = Debug|Win32
		{0FE56321-8E98-411A-85C7-A45B10213473}.Debug|x86.Build.0 = Debug|Win32
		{0FE56321-8E98-411A-85C7-A45B10213473}.Release|x64.ActiveCfg = Release|x64
		{0FE56321-8E98-411A-85C7-A45B10213473}.Release|x64.Build.0 = Release|x64
		{0FE56321-8E98-411A-85C7-A45B10213473}.Release|x86.ActiveCfg = Release|Win32
		{0FE56321-8E98-411A-85C7-A45B10213473}.Release|x86.Build.0 = Release|Win32
	EndGlobalSection
	GlobalSection(SolutionProperties) = preSolution
		HideSolutionNode = FALSE
	EndGlobalSection
	GlobalSection(ExtensibilityGlobals) = postSolution
		SolutionGuid = {41842694-B224-4046-BA7B-0978B2990EF4}
	EndGlobalSection
EndGlobal
